{
  "nodes": {
    "nixpkgs": {
      "locked": {
        "lastModified": 1745823333,
        "narHash": "sha256-K+6KuQF7JqO15X139d6sZehnLM3zIX57L1gUra5CPzg=",
        "owner": "NixOS",
        "repo": "nixpkgs",
        "rev": "c403bb0332c10a1b3ae3126daf0565dfbd7e5033",
        "type": "github"
      },
      "original": {
        "owner": "NixOS",
        "repo": "nixpkgs",
        "type": "github"
      }
    },
    "root": {
      "inputs": {
        "nixpkgs": "nixpkgs"
      }
    }
  },
  "root": "root",
  "version": 7
}
